<?xml version="1.0" encoding="utf-8"?>
<Project ToolsVersion="4.0" xmlns="http://schemas.microsoft.com/developer/msbuild/2003">
  <ItemGroup>
    <Filter Include="dataset">
      <UniqueIdentifier>{d847efb3-b53b-4e5a-811e-06e421a4e70c}</UniqueIdentifier>
    </Filter>
    <Filter Include="dataset\node">
      <UniqueIdentifier>{43fcb058-fb00-4383-9fbf-b992a487fe4a}</UniqueIdentifier>
    </Filter>
    <Filter Include="dataset\variable">
      <UniqueIdentifier>{3e5d0f4c-addc-45be-be10-87b4814164d5}</UniqueIdentifier>
    </Filter>
    <Filter Include="dataset\parameters">
      <UniqueIdentifier>{acd6bcca-0224-4921-af7c-68458e6d4a1d}</UniqueIdentifier>
    </Filter>
  </ItemGroup>
  <ItemGroup>
    <ClInclude Include="..\..\..\include\hdiop\Node.h">
      <Filter>dataset\node</Filter>
    </ClInclude>
    <ClInclude Include="..\..\..\include\hdiop\Variable.h">
      <Filter>dataset\variable</Filter>
    </ClInclude>
    <ClInclude Include="..\..\..\include\hdiop\VarType.h">
      <Filter>dataset\variable</Filter>
    </ClInclude>
    <ClInclude Include="..\..\..\include\hdiop\node_parms_gen.h">
      <Filter>dataset\parameters</Filter>
    </ClInclude>
    <ClInclude Include="..\..\..\include\hdiop\rttr_prop_gen.h">
      <Filter>dataset\parameters</Filter>
    </ClInclude>
  </ItemGroup>
  <ItemGroup>
    <None Include="..\..\..\include\hdiop\Node.inl">
      <Filter>dataset\node</Filter>
    </None>
  </ItemGroup>
  <ItemGroup>
    <ClCompile Include="..\..\..\source\Variable.cpp">
      <Filter>dataset\variable</Filter>
    </ClCompile>
  </ItemGroup>
</Project>