<?xml version="1.0" encoding="utf-8"?>
<Project ToolsVersion="4.0" xmlns="http://schemas.microsoft.com/developer/msbuild/2003">
  <ItemGroup>
    <Filter Include="dataset">
      <UniqueIdentifier>{d847efb3-b53b-4e5a-811e-06e421a4e70c}</UniqueIdentifier>
    </Filter>
  </ItemGroup>
  <ItemGroup>
    <ClInclude Include="..\..\..\include\hdiop\NodeImpl.h">
      <Filter>dataset</Filter>
    </ClInclude>
    <ClInclude Include="..\..\..\include\hdiop\Node.h">
      <Filter>dataset</Filter>
    </ClInclude>
    <ClInclude Include="..\..\..\include\hdiop\NodePort.h">
      <Filter>dataset</Filter>
    </ClInclude>
    <ClInclude Include="..\..\..\include\hdiop\typedef.h" />
  </ItemGroup>
  <ItemGroup>
    <None Include="..\..\..\include\hdiop\NodeImpl.inl">
      <Filter>dataset</Filter>
    </None>
  </ItemGroup>
</Project>